
Microsoft Visual Studio Solution File, Format Version 12.00
# Visual Studio 2012
Project("{FAE04EC0-301F-11D3-BF4B-00C04F79EFBC}") = "KeychainX", "KeychainX\KeychainX.csproj", "{49E8A7FF-64D2-4CCF-BF90-6CD1E7CBCD64}"
EndProject
Project("{FAE04EC0-301F-11D3-BF4B-00C04F79EFBC}") = "KeychainX.iOS", "iOS\KeychainX.iOS.csproj", "{8124D55F-372D-45BF-8DDE-97D7A12FABAB}"
EndProject
Global
	GlobalSection(SolutionConfigurationPlatforms) = preSolution
		Debug|Any CPU = Debug|Any CPU
		Release|Any CPU = Release|Any CPU
		Debug|iPhoneSimulator = Debug|iPhoneSimulator
		Release|iPhone = Release|iPhone
		Release|iPhoneSimulator = Release|iPhoneSimulator
		Debug|iPhone = Debug|iPhone
	EndGlobalSection
	GlobalSection(ProjectConfigurationPlatforms) = postSolution
		{49E8A7FF-64D2-4CCF-BF90-6CD1E7CBCD64}.Debug|Any CPU.ActiveCfg = Debug|Any CPU
		{49E8A7FF-64D2-4CCF-BF90-6CD1E7CBCD64}.Debug|Any CPU.Build.0 = Debug|Any CPU
		{49E8A7FF-64D2-4CCF-BF90-6CD1E7CBCD64}.Release|Any CPU.ActiveCfg = Release|Any CPU
		{49E8A7FF-64D2-4CCF-BF90-6CD1E7CBCD64}.Release|Any CPU.Build.0 = Release|Any CPU
		{49E8A7FF-64D2-4CCF-BF90-6CD1E7CBCD64}.Debug|iPhoneSimulator.ActiveCfg = Debug|Any CPU
		{49E8A7FF-64D2-4CCF-BF90-6CD1E7CBCD64}.Debug|iPhoneSimulator.Build.0 = Debug|Any CPU
		{49E8A7FF-64D2-4CCF-BF90-6CD1E7CBCD64}.Release|iPhone.ActiveCfg = Release|Any CPU
		{49E8A7FF-64D2-4CCF-BF90-6CD1E7CBCD64}.Release|iPhone.Build.0 = Release|Any CPU
		{49E8A7FF-64D2-4CCF-BF90-6CD1E7CBCD64}.Release|iPhoneSimulator.ActiveCfg = Release|Any CPU
		{49E8A7FF-64D2-4CCF-BF90-6CD1E7CBCD64}.Release|iPhoneSimulator.Build.0 = Release|Any CPU
		{49E8A7FF-64D2-4CCF-BF90-6CD1E7CBCD64}.Debug|iPhone.ActiveCfg = Debug|Any CPU
		{49E8A7FF-64D2-4CCF-BF90-6CD1E7CBCD64}.Debug|iPhone.Build.0 = Debug|Any CPU
		{8124D55F-372D-45BF-8DDE-97D7A12FABAB}.Debug|Any CPU.ActiveCfg = Debug|iPhoneSimulator
		{8124D55F-372D-45BF-8DDE-97D7A12FABAB}.Debug|Any CPU.Build.0 = Debug|iPhoneSimulator
		{8124D55F-372D-45BF-8DDE-97D7A12FABAB}.Release|Any CPU.ActiveCfg = Release|iPhone
		{8124D55F-372D-45BF-8DDE-97D7A12FABAB}.Release|Any CPU.Build.0 = Release|iPhone
		{8124D55F-372D-45BF-8DDE-97D7A12FABAB}.Debug|iPhoneSimulator.ActiveCfg = Debug|iPhoneSimulator
		{8124D55F-372D-45BF-8DDE-97D7A12FABAB}.Debug|iPhoneSimulator.Build.0 = Debug|iPhoneSimulator
		{8124D55F-372D-45BF-8DDE-97D7A12FABAB}.Release|iPhone.ActiveCfg = Release|iPhone
		{8124D55F-372D-45BF-8DDE-97D7A12FABAB}.Release|iPhone.Build.0 = Release|iPhone
		{8124D55F-372D-45BF-8DDE-97D7A12FABAB}.Release|iPhoneSimulator.ActiveCfg = Release|iPhoneSimulator
		{8124D55F-372D-45BF-8DDE-97D7A12FABAB}.Release|iPhoneSimulator.Build.0 = Release|iPhoneSimulator
		{8124D55F-372D-45BF-8DDE-97D7A12FABAB}.Debug|iPhone.ActiveCfg = Debug|iPhone
		{8124D55F-372D-45BF-8DDE-97D7A12FABAB}.Debug|iPhone.Build.0 = Debug|iPhone
	EndGlobalSection
EndGlobal
