
Microsoft Visual Studio Solution File, Format Version 12.00
# Visual Studio 2012
Project("{FAE04EC0-301F-11D3-BF4B-00C04F79EFBC}") = "XImgUpDown", "XImgUpDown\XImgUpDown.csproj", "{61D6A719-41E8-4C6D-9460-4B4248643662}"
EndProject
Global
	GlobalSection(SolutionConfigurationPlatforms) = preSolution
		Debug|iPhoneSimulator = Debug|iPhoneSimulator
		Release|iPhone = Release|iPhone
		Release|iPhoneSimulator = Release|iPhoneSimulator
		Debug|iPhone = Debug|iPhone
	EndGlobalSection
	GlobalSection(ProjectConfigurationPlatforms) = postSolution
		{61D6A719-41E8-4C6D-9460-4B4248643662}.Debug|iPhoneSimulator.ActiveCfg = Debug|iPhoneSimulator
		{61D6A719-41E8-4C6D-9460-4B4248643662}.Debug|iPhoneSimulator.Build.0 = Debug|iPhoneSimulator
		{61D6A719-41E8-4C6D-9460-4B4248643662}.Release|iPhone.ActiveCfg = Release|iPhone
		{61D6A719-41E8-4C6D-9460-4B4248643662}.Release|iPhone.Build.0 = Release|iPhone
		{61D6A719-41E8-4C6D-9460-4B4248643662}.Release|iPhoneSimulator.ActiveCfg = Release|iPhoneSimulator
		{61D6A719-41E8-4C6D-9460-4B4248643662}.Release|iPhoneSimulator.Build.0 = Release|iPhoneSimulator
		{61D6A719-41E8-4C6D-9460-4B4248643662}.Debug|iPhone.ActiveCfg = Debug|iPhone
		{61D6A719-41E8-4C6D-9460-4B4248643662}.Debug|iPhone.Build.0 = Debug|iPhone
	EndGlobalSection
EndGlobal
